
Microsoft Visual Studio Solution File, Format Version 12.00
# Visual Studio Version 17
VisualStudioVersion = 17.10.35004.147
MinimumVisualStudioVersion = 10.0.40219.1
Project("{FAE04EC0-301F-11D3-BF4B-00C04F79EFBC}") = "Trabajofinal", "Trabajofinal.csproj", "{AA814A2D-EAAB-4332-AFCD-28CEBB41D6BD}"
EndProject
Global
	GlobalSection(SolutionConfigurationPlatforms) = preSolution
		Debug|Any CPU = Debug|Any CPU
		Release|Any CPU = Release|Any CPU
	EndGlobalSection
	GlobalSection(ProjectConfigurationPlatforms) = postSolution
		{AA814A2D-EAAB-4332-AFCD-28CEBB41D6BD}.Debug|Any CPU.ActiveCfg = Debug|Any CPU
		{AA814A2D-EAAB-4332-AFCD-28CEBB41D6BD}.Debug|Any CPU.Build.0 = Debug|Any CPU
		{AA814A2D-EAAB-4332-AFCD-28CEBB41D6BD}.Release|Any CPU.ActiveCfg = Release|Any CPU
		{AA814A2D-EAAB-4332-AFCD-28CEBB41D6BD}.Release|Any CPU.Build.0 = Release|Any CPU
	EndGlobalSection
	GlobalSection(SolutionProperties) = preSolution
		HideSolutionNode = FALSE
	EndGlobalSection
	GlobalSection(ExtensibilityGlobals) = postSolution
		SolutionGuid = {65A04EED-2756-4B80-90DF-7E82EE5482A9}
	EndGlobalSection
EndGlobal
